
Microsoft Visual Studio Solution File, Format Version 12.00
# Visual Studio Version 16
VisualStudioVersion = 16.0.32106.194
MinimumVisualStudioVersion = 10.0.40219.1
Project("{FAE04EC0-301F-11D3-BF4B-00C04F79EFBC}") = "Solutions", "Solutions\Solutions.csproj", "{60B00FA0-DC1F-4049-9AEF-4B588590110D}"
EndProject
Project("{FAE04EC0-301F-11D3-BF4B-00C04F79EFBC}") = "LeetCode.Tests", "LeetCode.Tests\LeetCode.Tests.csproj", "{20AE1CBA-0C88-4619-AB1F-952030FD7DA7}"
EndProject
Global
	GlobalSection(SolutionConfigurationPlatforms) = preSolution
		Debug|Any CPU = Debug|Any CPU
		Release|Any CPU = Release|Any CPU
	EndGlobalSection
	GlobalSection(ProjectConfigurationPlatforms) = postSolution
		{60B00FA0-DC1F-4049-9AEF-4B588590110D}.Debug|Any CPU.ActiveCfg = Debug|Any CPU
		{60B00FA0-DC1F-4049-9AEF-4B588590110D}.Debug|Any CPU.Build.0 = Debug|Any CPU
		{60B00FA0-DC1F-4049-9AEF-4B588590110D}.Release|Any CPU.ActiveCfg = Release|Any CPU
		{60B00FA0-DC1F-4049-9AEF-4B588590110D}.Release|Any CPU.Build.0 = Release|Any CPU
		{20AE1CBA-0C88-4619-AB1F-952030FD7DA7}.Debug|Any CPU.ActiveCfg = Debug|Any CPU
		{20AE1CBA-0C88-4619-AB1F-952030FD7DA7}.Debug|Any CPU.Build.0 = Debug|Any CPU
		{20AE1CBA-0C88-4619-AB1F-952030FD7DA7}.Release|Any CPU.ActiveCfg = Release|Any CPU
		{20AE1CBA-0C88-4619-AB1F-952030FD7DA7}.Release|Any CPU.Build.0 = Release|Any CPU
	EndGlobalSection
	GlobalSection(SolutionProperties) = preSolution
		HideSolutionNode = FALSE
	EndGlobalSection
	GlobalSection(ExtensibilityGlobals) = postSolution
		SolutionGuid = {933F77AD-14DD-46BA-9C3E-3B1682996864}
	EndGlobalSection
EndGlobal
